<?xml version="1.0" encoding="utf-8"?>
<Project ToolsVersion="4.0" xmlns="http://schemas.microsoft.com/developer/msbuild/2003">
  <ItemGroup>
    <ClCompile Include="api.cpp" />
    <ClCompile Include="core.ixx" />
    <ClCompile Include="draw.ixx" />
    <ClCompile Include="engine.ixx" />
    <ClCompile Include="gm.ixx" />
    <ClCompile Include="font.ixx" />
  </ItemGroup>
  <ItemGroup>
    <Natvis Include="debugger\gm.natvis" />
  </ItemGroup>
</Project>